// !$*UTF8*$!
{
	archiveVersion = 1;
	classes = {
	};
	objectVersion = 46;
	objects = {

/* Begin PBXBuildFile section */
		7E1CCD661C433F15004DDB3D /* AppDelegate.swift in Sources */ = {isa = PBXBuildFile; fileRef = 7E1CCD5C1C433F15004DDB3D /* AppDelegate.swift */; };
		7E1CCD671C433F15004DDB3D /* Assets.xcassets in Resources */ = {isa = PBXBuildFile; fileRef = 7E1CCD5D1C433F15004DDB3D /* Assets.xcassets */; };
		7E1CCD681C433F15004DDB3D /* Base.lproj in Resources */ = {isa = PBXBuildFile; fileRef = 7E1CCD5E1C433F15004DDB3D /* Base.lproj */; };
		7E1CCD691C433F15004DDB3D /* fifthviewcontroller.swift in Sources */ = {isa = PBXBuildFile; fileRef = 7E1CCD5F1C433F15004DDB3D /* fifthviewcontroller.swift */; };
		7E1CCD6A1C433F15004DDB3D /* fourthviewcontroller.swift in Sources */ = {isa = PBXBuildFile; fileRef = 7E1CCD601C433F15004DDB3D /* fourthviewcontroller.swift */; };
		7E1CCD6B1C433F15004DDB3D /* Info.plist in Resources */ = {isa = PBXBuildFile; fileRef = 7E1CCD611C433F15004DDB3D /* Info.plist */; };
		7E1CCD6C1C433F15004DDB3D /* PierApproach.gpx in Resources */ = {isa = PBXBuildFile; fileRef = 7E1CCD621C433F15004DDB3D /* PierApproach.gpx */; };
		7E1CCD6D1C433F15004DDB3D /* thirdViewController.swift in Sources */ = {isa = PBXBuildFile; fileRef = 7E1CCD631C433F15004DDB3D /* thirdViewController.swift */; };
		7E1CCD6E1C433F15004DDB3D /* TitleViewController.swift in Sources */ = {isa = PBXBuildFile; fileRef = 7E1CCD641C433F15004DDB3D /* TitleViewController.swift */; };
		7E1CCD6F1C433F15004DDB3D /* ViewController.swift in Sources */ = {isa = PBXBuildFile; fileRef = 7E1CCD651C433F15004DDB3D /* ViewController.swift */; };
		F43B19411C4343A800848C1C /* Main.storyboard in Resources */ = {isa = PBXBuildFile; fileRef = F43B19401C4343A800848C1C /* Main.storyboard */; };
		F4FB4A191C43BF4C00824499 /* LaunchScreen.storyboard in Resources */ = {isa = PBXBuildFile; fileRef = F4FB4A181C43BF4C00824499 /* LaunchScreen.storyboard */; };
/* End PBXBuildFile section */

/* Begin PBXFileReference section */
		7E1CCD451C433E50004DDB3D /* buildr.app */ = {isa = PBXFileReference; explicitFileType = wrapper.application; includeInIndex = 0; path = buildr.app; sourceTree = BUILT_PRODUCTS_DIR; };
		7E1CCD5C1C433F15004DDB3D /* AppDelegate.swift */ = {isa = PBXFileReference; fileEncoding = 4; lastKnownFileType = sourcecode.swift; path = AppDelegate.swift; sourceTree = "<group>"; };
		7E1CCD5D1C433F15004DDB3D /* Assets.xcassets */ = {isa = PBXFileReference; lastKnownFileType = folder.assetcatalog; path = Assets.xcassets; sourceTree = "<group>"; };
		7E1CCD5E1C433F15004DDB3D /* Base.lproj */ = {isa = PBXFileReference; lastKnownFileType = folder; path = Base.lproj; sourceTree = "<group>"; };
		7E1CCD5F1C433F15004DDB3D /* fifthviewcontroller.swift */ = {isa = PBXFileReference; fileEncoding = 4; lastKnownFileType = sourcecode.swift; path = fifthviewcontroller.swift; sourceTree = "<group>"; };
		7E1CCD601C433F15004DDB3D /* fourthviewcontroller.swift */ = {isa = PBXFileReference; fileEncoding = 4; lastKnownFileType = sourcecode.swift; path = fourthviewcontroller.swift; sourceTree = "<group>"; };
		7E1CCD611C433F15004DDB3D /* Info.plist */ = {isa = PBXFileReference; fileEncoding = 4; lastKnownFileType = text.plist.xml; path = Info.plist; sourceTree = "<group>"; };
		7E1CCD621C433F15004DDB3D /* PierApproach.gpx */ = {isa = PBXFileReference; fileEncoding = 4; lastKnownFileType = text.xml; path = PierApproach.gpx; sourceTree = "<group>"; };
		7E1CCD631C433F15004DDB3D /* thirdViewController.swift */ = {isa = PBXFileReference; fileEncoding = 4; lastKnownFileType = sourcecode.swift; path = thirdViewController.swift; sourceTree = "<group>"; };
		7E1CCD641C433F15004DDB3D /* TitleViewController.swift */ = {isa = PBXFileReference; fileEncoding = 4; lastKnownFileType = sourcecode.swift; path = TitleViewController.swift; sourceTree = "<group>"; };
		7E1CCD651C433F15004DDB3D /* ViewController.swift */ = {isa = PBXFileReference; fileEncoding = 4; lastKnownFileType = sourcecode.swift; path = ViewController.swift; sourceTree = "<group>"; };
		F43B19401C4343A800848C1C /* Main.storyboard */ = {isa = PBXFileReference; fileEncoding = 4; lastKnownFileType = file.storyboard; name = Main.storyboard; path = Base.lproj/Main.storyboard; sourceTree = "<group>"; };
		F4FB4A181C43BF4C00824499 /* LaunchScreen.storyboard */ = {isa = PBXFileReference; fileEncoding = 4; lastKnownFileType = file.storyboard; name = LaunchScreen.storyboard; path = Base.lproj/LaunchScreen.storyboard; sourceTree = "<group>"; };
/* End PBXFileReference section */

/* Begin PBXFrameworksBuildPhase section */
		7E1CCD421C433E50004DDB3D /* Frameworks */ = {
			isa = PBXFrameworksBuildPhase;
			buildActionMask = 2147483647;
			files = (
			);
			runOnlyForDeploymentPostprocessing = 0;
		};
/* End PBXFrameworksBuildPhase section */

/* Begin PBXGroup section */
		7E1CCD3C1C433E50004DDB3D = {
			isa = PBXGroup;
			children = (
				7E1CCD471C433E50004DDB3D /* buildr */,
				7E1CCD461C433E50004DDB3D /* Products */,
			);
			sourceTree = "<group>";
		};
		7E1CCD461C433E50004DDB3D /* Products */ = {
			isa = PBXGroup;
			children = (
				7E1CCD451C433E50004DDB3D /* buildr.app */,
			);
			name = Products;
			sourceTree = "<group>";
		};
		7E1CCD471C433E50004DDB3D /* buildr */ = {
			isa = PBXGroup;
			children = (
				7E1CCD5C1C433F15004DDB3D /* AppDelegate.swift */,
				7E1CCD5D1C433F15004DDB3D /* Assets.xcassets */,
				7E1CCD5E1C433F15004DDB3D /* Base.lproj */,
				7E1CCD5F1C433F15004DDB3D /* fifthviewcontroller.swift */,
				F4FB4A181C43BF4C00824499 /* LaunchScreen.storyboard */,
				7E1CCD601C433F15004DDB3D /* fourthviewcontroller.swift */,
				7E1CCD611C433F15004DDB3D /* Info.plist */,
				F43B19401C4343A800848C1C /* Main.storyboard */,
				7E1CCD621C433F15004DDB3D /* PierApproach.gpx */,
				7E1CCD631C433F15004DDB3D /* thirdViewController.swift */,
				7E1CCD641C433F15004DDB3D /* TitleViewController.swift */,
				7E1CCD651C433F15004DDB3D /* ViewController.swift */,
			);
			path = buildr;
			sourceTree = "<group>";
		};
/* End PBXGroup section */

/* Begin PBXNativeTarget section */
		7E1CCD441C433E50004DDB3D /* buildr */ = {
			isa = PBXNativeTarget;
			buildConfigurationList = 7E1CCD571C433E50004DDB3D /* Build configuration list for PBXNativeTarget "buildr" */;
			buildPhases = (
				7E1CCD411C433E50004DDB3D /* Sources */,
				7E1CCD421C433E50004DDB3D /* Frameworks */,
				7E1CCD431C433E50004DDB3D /* Resources */,
			);
			buildRules = (
			);
			dependencies = (
			);
			name = buildr;
			productName = buildr;
			productReference = 7E1CCD451C433E50004DDB3D /* buildr.app */;
			productType = "com.apple.product-type.application";
		};
/* End PBXNativeTarget section */

/* Begin PBXProject section */
		7E1CCD3D1C433E50004DDB3D /* Project object */ = {
			isa = PBXProject;
			attributes = {
				LastSwiftUpdateCheck = 0720;
				LastUpgradeCheck = 0720;
				ORGANIZATIONNAME = "Samuel Gray";
				TargetAttributes = {
					7E1CCD441C433E50004DDB3D = {
						CreatedOnToolsVersion = 7.2;
						DevelopmentTeam = E4Y6DA7TD6;
					};
				};
			};
			buildConfigurationList = 7E1CCD401C433E50004DDB3D /* Build configuration list for PBXProject "buildr" */;
			compatibilityVersion = "Xcode 3.2";
			developmentRegion = English;
			hasScannedForEncodings = 0;
			knownRegions = (
				en,
				Base,
			);
			mainGroup = 7E1CCD3C1C433E50004DDB3D;
			productRefGroup = 7E1CCD461C433E50004DDB3D /* Products */;
			projectDirPath = "";
			projectRoot = "";
			targets = (
				7E1CCD441C433E50004DDB3D /* buildr */,
			);
		};
/* End PBXProject section */

/* Begin PBXResourcesBuildPhase section */
		7E1CCD431C433E50004DDB3D /* Resources */ = {
			isa = PBXResourcesBuildPhase;
			buildActionMask = 2147483647;
			files = (
				7E1CCD681C433F15004DDB3D /* Base.lproj in Resources */,
				F43B19411C4343A800848C1C /* Main.storyboard in Resources */,
				7E1CCD671C433F15004DDB3D /* Assets.xcassets in Resources */,
				F4FB4A191C43BF4C00824499 /* LaunchScreen.storyboard in Resources */,
				7E1CCD6B1C433F15004DDB3D /* Info.plist in Resources */,
				7E1CCD6C1C433F15004DDB3D /* PierApproach.gpx in Resources */,
			);
			runOnlyForDeploymentPostprocessing = 0;
		};
/* End PBXResourcesBuildPhase section */

/* Begin PBXSourcesBuildPhase section */
		7E1CCD411C433E50004DDB3D /* Sources */ = {
			isa = PBXSourcesBuildPhase;
			buildActionMask = 2147483647;
			files = (
				7E1CCD6F1C433F15004DDB3D /* ViewController.swift in Sources */,
				7E1CCD691C433F15004DDB3D /* fifthviewcontroller.swift in Sources */,
				7E1CCD661C433F15004DDB3D /* AppDelegate.swift in Sources */,
				7E1CCD6D1C433F15004DDB3D /* thirdViewController.swift in Sources */,
				7E1CCD6A1C433F15004DDB3D /* fourthviewcontroller.swift in Sources */,
				7E1CCD6E1C433F15004DDB3D /* TitleViewController.swift in Sources */,
			);
			runOnlyForDeploymentPostprocessing = 0;
		};
/* End PBXSourcesBuildPhase section */

/* Begin XCBuildConfiguration section */
		7E1CCD551C433E50004DDB3D /* Debug */ = {
			isa = XCBuildConfiguration;
			buildSettings = {
				ALWAYS_SEARCH_USER_PATHS = NO;
				CLANG_CXX_LANGUAGE_STANDARD = "gnu++0x";
				CLANG_CXX_LIBRARY = "libc++";
				CLANG_ENABLE_MODULES = YES;
				CLANG_ENABLE_OBJC_ARC = YES;
				CLANG_WARN_BOOL_CONVERSION = YES;
				CLANG_WARN_CONSTANT_CONVERSION = YES;
				CLANG_WARN_DIRECT_OBJC_ISA_USAGE = YES_ERROR;
				CLANG_WARN_EMPTY_BODY = YES;
				CLANG_WARN_ENUM_CONVERSION = YES;
				CLANG_WARN_INT_CONVERSION = YES;
				CLANG_WARN_OBJC_ROOT_CLASS = YES_ERROR;
				CLANG_WARN_UNREACHABLE_CODE = YES;
				CLANG_WARN__DUPLICATE_METHOD_MATCH = YES;
				"CODE_SIGN_IDENTITY[sdk=iphoneos*]" = "iPhone Developer";
				COPY_PHASE_STRIP = NO;
				DEBUG_INFORMATION_FORMAT = dwarf;
				ENABLE_STRICT_OBJC_MSGSEND = YES;
				ENABLE_TESTABILITY = YES;
				GCC_C_LANGUAGE_STANDARD = gnu99;
				GCC_DYNAMIC_NO_PIC = NO;
				GCC_NO_COMMON_BLOCKS = YES;
				GCC_OPTIMIZATION_LEVEL = 0;
				GCC_PREPROCESSOR_DEFINITIONS = (
					"DEBUG=1",
					"$(inherited)",
				);
				GCC_WARN_64_TO_32_BIT_CONVERSION = YES;
				GCC_WARN_ABOUT_RETURN_TYPE = YES_ERROR;
				GCC_WARN_UNDECLARED_SELECTOR = YES;
				GCC_WARN_UNINITIALIZED_AUTOS = YES_AGGRESSIVE;
				GCC_WARN_UNUSED_FUNCTION = YES;
				GCC_WARN_UNUSED_VARIABLE = YES;
				IPHONEOS_DEPLOYMENT_TARGET = 9.2;
				MTL_ENABLE_DEBUG_INFO = YES;
				ONLY_ACTIVE_ARCH = YES;
				SDKROOT = iphoneos;
				SWIFT_OPTIMIZATION_LEVEL = "-Onone";
				TARGETED_DEVICE_FAMILY = "1,2";
			};
			name = Debug;
		};
		7E1CCD561C433E50004DDB3D /* Release */ = {
			isa = XCBuildConfiguration;
			buildSettings = {
				ALWAYS_SEARCH_USER_PATHS = NO;
				CLANG_CXX_LANGUAGE_STANDARD = "gnu++0x";
				CLANG_CXX_LIBRARY = "libc++";
				CLANG_ENABLE_MODULES = YES;
				CLANG_ENABLE_OBJC_ARC = YES;
				CLANG_WARN_BOOL_CONVERSION = YES;
				CLANG_WARN_CONSTANT_CONVERSION = YES;
				CLANG_WARN_DIRECT_OBJC_ISA_USAGE = YES_ERROR;
				CLANG_WARN_EMPTY_BODY = YES;
				CLANG_WARN_ENUM_CONVERSION = YES;
				CLANG_WARN_INT_CONVERSION = YES;
				CLANG_WARN_OBJC_ROOT_CLASS = YES_ERROR;
				CLANG_WARN_UNREACHABLE_CODE = YES;
				CLANG_WARN__DUPLICATE_METHOD_MATCH = YES;
				"CODE_SIGN_IDENTITY[sdk=iphoneos*]" = "iPhone Developer";
				COPY_PHASE_STRIP = NO;
				DEBUG_INFORMATION_FORMAT = "dwarf-with-dsym";
				ENABLE_NS_ASSERTIONS = NO;
				ENABLE_STRICT_OBJC_MSGSEND = YES;
				GCC_C_LANGUAGE_STANDARD = gnu99;
				GCC_NO_COMMON_BLOCKS = YES;
				GCC_WARN_64_TO_32_BIT_CONVERSION = YES;
				GCC_WARN_ABOUT_RETURN_TYPE = YES_ERROR;
				GCC_WARN_UNDECLARED_SELECTOR = YES;
				GCC_WARN_UNINITIALIZED_AUTOS = YES_AGGRESSIVE;
				GCC_WARN_UNUSED_FUNCTION = YES;
				GCC_WARN_UNUSED_VARIABLE = YES;
				IPHONEOS_DEPLOYMENT_TARGET = 9.2;
				MTL_ENABLE_DEBUG_INFO = NO;
				SDKROOT = iphoneos;
				TARGETED_DEVICE_FAMILY = "1,2";
				VALIDATE_PRODUCT = YES;
			};
			name = Release;
		};
		7E1CCD581C433E50004DDB3D /* Debug */ = {
			isa = XCBuildConfiguration;
			buildSettings = {
				ASSETCATALOG_COMPILER_APPICON_NAME = AppIcon;
				CLANG_ENABLE_MODULES = YES;
				INFOPLIST_FILE = buildr/Info.plist;
				LD_RUNPATH_SEARCH_PATHS = "$(inherited) @executable_path/Frameworks";
				PRODUCT_BUNDLE_IDENTIFIER = com.adamhale.buildr;
				PRODUCT_NAME = "$(TARGET_NAME)";
				SWIFT_OPTIMIZATION_LEVEL = "-Onone";
			};
			name = Debug;
		};
		7E1CCD591C433E50004DDB3D /* Release */ = {
			isa = XCBuildConfiguration;
			buildSettings = {
				ASSETCATALOG_COMPILER_APPICON_NAME = AppIcon;
				CLANG_ENABLE_MODULES = YES;
				INFOPLIST_FILE = buildr/Info.plist;
				LD_RUNPATH_SEARCH_PATHS = "$(inherited) @executable_path/Frameworks";
				PRODUCT_BUNDLE_IDENTIFIER = com.adamhale.buildr;
				PRODUCT_NAME = "$(TARGET_NAME)";
			};
			name = Release;
		};
/* End XCBuildConfiguration section */

/* Begin XCConfigurationList section */
		7E1CCD401C433E50004DDB3D /* Build configuration list for PBXProject "buildr" */ = {
			isa = XCConfigurationList;
			buildConfigurations = (
				7E1CCD551C433E50004DDB3D /* Debug */,
				7E1CCD561C433E50004DDB3D /* Release */,
			);
			defaultConfigurationIsVisible = 0;
			defaultConfigurationName = Release;
		};
		7E1CCD571C433E50004DDB3D /* Build configuration list for PBXNativeTarget "buildr" */ = {
			isa = XCConfigurationList;
			buildConfigurations = (
				7E1CCD581C433E50004DDB3D /* Debug */,
				7E1CCD591C433E50004DDB3D /* Release */,
			);
			defaultConfigurationIsVisible = 0;
			defaultConfigurationName = Release;
		};
/* End XCConfigurationList section */
	};
	rootObject = 7E1CCD3D1C433E50004DDB3D /* Project object */;
}
